
Microsoft Visual Studio Solution File, Format Version 12.00
# Visual Studio Version 17
VisualStudioVersion = 17.5.33424.131
MinimumVisualStudioVersion = 10.0.40219.1
Project("{9A19103F-16F7-4668-BE54-9A1E7A4F7556}") = "MovieHunter", "MovieHunter\MovieHunter.csproj", "{2F68F8A3-AF53-4EDE-8A49-6BB7BDEEA193}"
EndProject
Global
	GlobalSection(SolutionConfigurationPlatforms) = preSolution
		Debug|Any CPU = Debug|Any CPU
		Release|Any CPU = Release|Any CPU
	EndGlobalSection
	GlobalSection(ProjectConfigurationPlatforms) = postSolution
		{2F68F8A3-AF53-4EDE-8A49-6BB7BDEEA193}.Debug|Any CPU.ActiveCfg = Debug|Any CPU
		{2F68F8A3-AF53-4EDE-8A49-6BB7BDEEA193}.Debug|Any CPU.Build.0 = Debug|Any CPU
		{2F68F8A3-AF53-4EDE-8A49-6BB7BDEEA193}.Release|Any CPU.ActiveCfg = Release|Any CPU
		{2F68F8A3-AF53-4EDE-8A49-6BB7BDEEA193}.Release|Any CPU.Build.0 = Release|Any CPU
	EndGlobalSection
	GlobalSection(SolutionProperties) = preSolution
		HideSolutionNode = FALSE
	EndGlobalSection
	GlobalSection(ExtensibilityGlobals) = postSolution
		SolutionGuid = {85202250-7EFE-4E23-AE11-EE7372EC98FD}
	EndGlobalSection
EndGlobal
